
Microsoft Visual Studio Solution File, Format Version 12.00
# Visual Studio Version 17
VisualStudioVersion = 17.5.33516.290
MinimumVisualStudioVersion = 10.0.40219.1
Project("{FAE04EC0-301F-11D3-BF4B-00C04F79EFBC}") = "AltaiTehAs_bot", "AltaiTehAs_bot\AltaiTehAs_bot.csproj", "{587EB164-1A59-443B-A1A6-4151A3E626CE}"
EndProject
Global
	GlobalSection(SolutionConfigurationPlatforms) = preSolution
		Debug|Any CPU = Debug|Any CPU
		Release|Any CPU = Release|Any CPU
	EndGlobalSection
	GlobalSection(ProjectConfigurationPlatforms) = postSolution
		{587EB164-1A59-443B-A1A6-4151A3E626CE}.Debug|Any CPU.ActiveCfg = Debug|Any CPU
		{587EB164-1A59-443B-A1A6-4151A3E626CE}.Debug|Any CPU.Build.0 = Debug|Any CPU
		{587EB164-1A59-443B-A1A6-4151A3E626CE}.Release|Any CPU.ActiveCfg = Release|Any CPU
		{587EB164-1A59-443B-A1A6-4151A3E626CE}.Release|Any CPU.Build.0 = Release|Any CPU
	EndGlobalSection
	GlobalSection(SolutionProperties) = preSolution
		HideSolutionNode = FALSE
	EndGlobalSection
	GlobalSection(ExtensibilityGlobals) = postSolution
		SolutionGuid = {D6316180-EB26-47F6-8942-BA3B726F67AE}
	EndGlobalSection
EndGlobal
